// !$*UTF8*$!
{
	archiveVersion = 1;
	classes = {
	};
	objectVersion = 56;
	objects = {

/* Begin PBXBuildFile section */
		4B91D94E2A298B5200070ED2 /* AppDelegate.swift in Sources */ = {isa = PBXBuildFile; fileRef = 4B91D94D2A298B5200070ED2 /* AppDelegate.swift */; };
		4B91D9502A298B5200070ED2 /* SceneDelegate.swift in Sources */ = {isa = PBXBuildFile; fileRef = 4B91D94F2A298B5200070ED2 /* SceneDelegate.swift */; };
		4B91D9522A298B5200070ED2 /* ViewController.swift in Sources */ = {isa = PBXBuildFile; fileRef = 4B91D9512A298B5200070ED2 /* ViewController.swift */; };
		4B91D9552A298B5200070ED2 /* Main.storyboard in Resources */ = {isa = PBXBuildFile; fileRef = 4B91D9532A298B5200070ED2 /* Main.storyboard */; };
		4B91D9572A298B5400070ED2 /* Assets.xcassets in Resources */ = {isa = PBXBuildFile; fileRef = 4B91D9562A298B5400070ED2 /* Assets.xcassets */; };
		4B91D95A2A298B5400070ED2 /* LaunchScreen.storyboard in Resources */ = {isa = PBXBuildFile; fileRef = 4B91D9582A298B5400070ED2 /* LaunchScreen.storyboard */; };
		4B91D9652A298D0100070ED2 /* FirebaseAuth in Frameworks */ = {isa = PBXBuildFile; productRef = 4B91D9642A298D0100070ED2 /* FirebaseAuth */; };
		4B91D9672A298D0100070ED2 /* FirebaseFirestore in Frameworks */ = {isa = PBXBuildFile; productRef = 4B91D9662A298D0100070ED2 /* FirebaseFirestore */; };
		4B91D9692A298D0100070ED2 /* FirebaseFirestoreSwift in Frameworks */ = {isa = PBXBuildFile; productRef = 4B91D9682A298D0100070ED2 /* FirebaseFirestoreSwift */; };
		4B91D96B2A298D0100070ED2 /* FirebaseStorage in Frameworks */ = {isa = PBXBuildFile; productRef = 4B91D96A2A298D0100070ED2 /* FirebaseStorage */; };
		4B99E05F2A2A6EE700561156 /* MainScreenView.swift in Sources */ = {isa = PBXBuildFile; fileRef = 4B99E05E2A2A6EE700561156 /* MainScreenView.swift */; };
		4B99E0612A2A723300561156 /* TeamsTableViewCell.swift in Sources */ = {isa = PBXBuildFile; fileRef = 4B99E0602A2A723300561156 /* TeamsTableViewCell.swift */; };
		4B99E0632A2A735600561156 /* Configs.swift in Sources */ = {isa = PBXBuildFile; fileRef = 4B99E0622A2A735600561156 /* Configs.swift */; };
		4B99E0662A2A77AA00561156 /* Team.swift in Sources */ = {isa = PBXBuildFile; fileRef = 4B99E0652A2A77AA00561156 /* Team.swift */; };
		4B99E0682A2A795600561156 /* TeamsTableViewManager.swift in Sources */ = {isa = PBXBuildFile; fileRef = 4B99E0672A2A795600561156 /* TeamsTableViewManager.swift */; };
		4B99E06A2A2A89FA00561156 /* RightBarButtonManager.swift in Sources */ = {isa = PBXBuildFile; fileRef = 4B99E0692A2A89FA00561156 /* RightBarButtonManager.swift */; };
		4B99E06E2A2A9CA700561156 /* RegisterView.swift in Sources */ = {isa = PBXBuildFile; fileRef = 4B99E06D2A2A9CA700561156 /* RegisterView.swift */; };
		4B99E0702A2A9E5800561156 /* RegisterViewController.swift in Sources */ = {isa = PBXBuildFile; fileRef = 4B99E06F2A2A9E5800561156 /* RegisterViewController.swift */; };
		4B99E0722A2AAE1400561156 /* RegisterFirebaseManager.swift in Sources */ = {isa = PBXBuildFile; fileRef = 4B99E0712A2AAE1400561156 /* RegisterFirebaseManager.swift */; };
		4B99E0752A2ACD7B00561156 /* ProgressSpinnerViewController.swift in Sources */ = {isa = PBXBuildFile; fileRef = 4B99E0742A2ACD7B00561156 /* ProgressSpinnerViewController.swift */; };
		4B99E0772A2ACD8A00561156 /* ProgressSpinnerDelegate.swift in Sources */ = {isa = PBXBuildFile; fileRef = 4B99E0762A2ACD8A00561156 /* ProgressSpinnerDelegate.swift */; };
		4B99E0792A2AD3C400561156 /* RegisterProgressIndicatorManager.swift in Sources */ = {isa = PBXBuildFile; fileRef = 4B99E0782A2AD3C400561156 /* RegisterProgressIndicatorManager.swift */; };
		4B99E07D2A2AEAF100561156 /* AddTeamView.swift in Sources */ = {isa = PBXBuildFile; fileRef = 4B99E07C2A2AEAF100561156 /* AddTeamView.swift */; };
		4B99E07F2A2AEB0A00561156 /* AddTeamViewController.swift in Sources */ = {isa = PBXBuildFile; fileRef = 4B99E07E2A2AEB0A00561156 /* AddTeamViewController.swift */; };
		FAE92F4D2A3EC00600BD0F04 /* GoogleService-Info.plist in Resources */ = {isa = PBXBuildFile; fileRef = FAE92F4C2A3EC00600BD0F04 /* GoogleService-Info.plist */; };
		FAE92F502A3EC3AA00BD0F04 /* TeamView.swift in Sources */ = {isa = PBXBuildFile; fileRef = FAE92F4F2A3EC3A900BD0F04 /* TeamView.swift */; };
		FAE92F522A3EC42800BD0F04 /* TeamViewController.swift in Sources */ = {isa = PBXBuildFile; fileRef = FAE92F512A3EC42800BD0F04 /* TeamViewController.swift */; };
		FAE92F542A3EC46700BD0F04 /* User.swift in Sources */ = {isa = PBXBuildFile; fileRef = FAE92F532A3EC46700BD0F04 /* User.swift */; };
		FAE92F572A3EC73600BD0F04 /* PokemonTableViewManager.swift in Sources */ = {isa = PBXBuildFile; fileRef = FAE92F562A3EC73600BD0F04 /* PokemonTableViewManager.swift */; };
		FAE92F592A3EC7DF00BD0F04 /* Pokemon.swift in Sources */ = {isa = PBXBuildFile; fileRef = FAE92F582A3EC7DF00BD0F04 /* Pokemon.swift */; };
		FAE92F5B2A3EC80000BD0F04 /* AddPokemonView.swift in Sources */ = {isa = PBXBuildFile; fileRef = FAE92F5A2A3EC80000BD0F04 /* AddPokemonView.swift */; };
		FAE92F5D2A3EC81500BD0F04 /* AddPokemonViewController.swift in Sources */ = {isa = PBXBuildFile; fileRef = FAE92F5C2A3EC81500BD0F04 /* AddPokemonViewController.swift */; };
		FAE92F602A3EC88400BD0F04 /* RightBarButtonAddPokemonManager.swift in Sources */ = {isa = PBXBuildFile; fileRef = FAE92F5F2A3EC88400BD0F04 /* RightBarButtonAddPokemonManager.swift */; };
/* End PBXBuildFile section */

/* Begin PBXFileReference section */
		4B91D94A2A298B5200070ED2 /* pokePicker.app */ = {isa = PBXFileReference; explicitFileType = wrapper.application; includeInIndex = 0; path = pokePicker.app; sourceTree = BUILT_PRODUCTS_DIR; };
		4B91D94D2A298B5200070ED2 /* AppDelegate.swift */ = {isa = PBXFileReference; lastKnownFileType = sourcecode.swift; path = AppDelegate.swift; sourceTree = "<group>"; };
		4B91D94F2A298B5200070ED2 /* SceneDelegate.swift */ = {isa = PBXFileReference; lastKnownFileType = sourcecode.swift; path = SceneDelegate.swift; sourceTree = "<group>"; };
		4B91D9512A298B5200070ED2 /* ViewController.swift */ = {isa = PBXFileReference; lastKnownFileType = sourcecode.swift; path = ViewController.swift; sourceTree = "<group>"; };
		4B91D9542A298B5200070ED2 /* Base */ = {isa = PBXFileReference; lastKnownFileType = file.storyboard; name = Base; path = Base.lproj/Main.storyboard; sourceTree = "<group>"; };
		4B91D9562A298B5400070ED2 /* Assets.xcassets */ = {isa = PBXFileReference; lastKnownFileType = folder.assetcatalog; path = Assets.xcassets; sourceTree = "<group>"; };
		4B91D9592A298B5400070ED2 /* Base */ = {isa = PBXFileReference; lastKnownFileType = file.storyboard; name = Base; path = Base.lproj/LaunchScreen.storyboard; sourceTree = "<group>"; };
		4B91D95B2A298B5400070ED2 /* Info.plist */ = {isa = PBXFileReference; lastKnownFileType = text.plist.xml; path = Info.plist; sourceTree = "<group>"; };
		4B99E05E2A2A6EE700561156 /* MainScreenView.swift */ = {isa = PBXFileReference; lastKnownFileType = sourcecode.swift; path = MainScreenView.swift; sourceTree = "<group>"; };
		4B99E0602A2A723300561156 /* TeamsTableViewCell.swift */ = {isa = PBXFileReference; lastKnownFileType = sourcecode.swift; path = TeamsTableViewCell.swift; sourceTree = "<group>"; };
		4B99E0622A2A735600561156 /* Configs.swift */ = {isa = PBXFileReference; lastKnownFileType = sourcecode.swift; path = Configs.swift; sourceTree = "<group>"; };
		4B99E0652A2A77AA00561156 /* Team.swift */ = {isa = PBXFileReference; lastKnownFileType = sourcecode.swift; path = Team.swift; sourceTree = "<group>"; };
		4B99E0672A2A795600561156 /* TeamsTableViewManager.swift */ = {isa = PBXFileReference; lastKnownFileType = sourcecode.swift; path = TeamsTableViewManager.swift; sourceTree = "<group>"; };
		4B99E0692A2A89FA00561156 /* RightBarButtonManager.swift */ = {isa = PBXFileReference; lastKnownFileType = sourcecode.swift; path = RightBarButtonManager.swift; sourceTree = "<group>"; };
		4B99E06D2A2A9CA700561156 /* RegisterView.swift */ = {isa = PBXFileReference; lastKnownFileType = sourcecode.swift; path = RegisterView.swift; sourceTree = "<group>"; };
		4B99E06F2A2A9E5800561156 /* RegisterViewController.swift */ = {isa = PBXFileReference; lastKnownFileType = sourcecode.swift; path = RegisterViewController.swift; sourceTree = "<group>"; };
		4B99E0712A2AAE1400561156 /* RegisterFirebaseManager.swift */ = {isa = PBXFileReference; lastKnownFileType = sourcecode.swift; path = RegisterFirebaseManager.swift; sourceTree = "<group>"; };
		4B99E0742A2ACD7B00561156 /* ProgressSpinnerViewController.swift */ = {isa = PBXFileReference; lastKnownFileType = sourcecode.swift; path = ProgressSpinnerViewController.swift; sourceTree = "<group>"; };
		4B99E0762A2ACD8A00561156 /* ProgressSpinnerDelegate.swift */ = {isa = PBXFileReference; lastKnownFileType = sourcecode.swift; path = ProgressSpinnerDelegate.swift; sourceTree = "<group>"; };
		4B99E0782A2AD3C400561156 /* RegisterProgressIndicatorManager.swift */ = {isa = PBXFileReference; lastKnownFileType = sourcecode.swift; path = RegisterProgressIndicatorManager.swift; sourceTree = "<group>"; };
		4B99E07C2A2AEAF100561156 /* AddTeamView.swift */ = {isa = PBXFileReference; lastKnownFileType = sourcecode.swift; path = AddTeamView.swift; sourceTree = "<group>"; };
		4B99E07E2A2AEB0A00561156 /* AddTeamViewController.swift */ = {isa = PBXFileReference; lastKnownFileType = sourcecode.swift; path = AddTeamViewController.swift; sourceTree = "<group>"; };
		FAE92F4C2A3EC00600BD0F04 /* GoogleService-Info.plist */ = {isa = PBXFileReference; fileEncoding = 4; lastKnownFileType = text.plist.xml; path = "GoogleService-Info.plist"; sourceTree = "<group>"; };
		FAE92F4F2A3EC3A900BD0F04 /* TeamView.swift */ = {isa = PBXFileReference; lastKnownFileType = sourcecode.swift; path = TeamView.swift; sourceTree = "<group>"; };
		FAE92F512A3EC42800BD0F04 /* TeamViewController.swift */ = {isa = PBXFileReference; lastKnownFileType = sourcecode.swift; path = TeamViewController.swift; sourceTree = "<group>"; };
		FAE92F532A3EC46700BD0F04 /* User.swift */ = {isa = PBXFileReference; lastKnownFileType = sourcecode.swift; path = User.swift; sourceTree = "<group>"; };
		FAE92F562A3EC73600BD0F04 /* PokemonTableViewManager.swift */ = {isa = PBXFileReference; lastKnownFileType = sourcecode.swift; path = PokemonTableViewManager.swift; sourceTree = "<group>"; };
		FAE92F582A3EC7DF00BD0F04 /* Pokemon.swift */ = {isa = PBXFileReference; lastKnownFileType = sourcecode.swift; path = Pokemon.swift; sourceTree = "<group>"; };
		FAE92F5A2A3EC80000BD0F04 /* AddPokemonView.swift */ = {isa = PBXFileReference; lastKnownFileType = sourcecode.swift; path = AddPokemonView.swift; sourceTree = "<group>"; };
		FAE92F5C2A3EC81500BD0F04 /* AddPokemonViewController.swift */ = {isa = PBXFileReference; lastKnownFileType = sourcecode.swift; path = AddPokemonViewController.swift; sourceTree = "<group>"; };
		FAE92F5F2A3EC88400BD0F04 /* RightBarButtonAddPokemonManager.swift */ = {isa = PBXFileReference; lastKnownFileType = sourcecode.swift; path = RightBarButtonAddPokemonManager.swift; sourceTree = "<group>"; };
/* End PBXFileReference section */

/* Begin PBXFrameworksBuildPhase section */
		4B91D9472A298B5200070ED2 /* Frameworks */ = {
			isa = PBXFrameworksBuildPhase;
			buildActionMask = 2147483647;
			files = (
				4B91D9652A298D0100070ED2 /* FirebaseAuth in Frameworks */,
				4B91D96B2A298D0100070ED2 /* FirebaseStorage in Frameworks */,
				4B91D9672A298D0100070ED2 /* FirebaseFirestore in Frameworks */,
				4B91D9692A298D0100070ED2 /* FirebaseFirestoreSwift in Frameworks */,
			);
			runOnlyForDeploymentPostprocessing = 0;
		};
/* End PBXFrameworksBuildPhase section */

/* Begin PBXGroup section */
		4B91D9412A298B5200070ED2 = {
			isa = PBXGroup;
			children = (
				4B91D94C2A298B5200070ED2 /* pokePicker */,
				4B91D94B2A298B5200070ED2 /* Products */,
			);
			sourceTree = "<group>";
		};
		4B91D94B2A298B5200070ED2 /* Products */ = {
			isa = PBXGroup;
			children = (
				4B91D94A2A298B5200070ED2 /* pokePicker.app */,
			);
			name = Products;
			sourceTree = "<group>";
		};
		4B91D94C2A298B5200070ED2 /* pokePicker */ = {
			isa = PBXGroup;
			children = (
				FAE92F552A3EC4C200BD0F04 /* Pokemon */,
				FAE92F4E2A3EC39500BD0F04 /* Team */,
				4B99E0622A2A735600561156 /* Configs.swift */,
				4B99E0642A2A779600561156 /* Data Models */,
				4B99E0732A2ACD6900561156 /* Progress Indicator */,
				4B99E06B2A2A9C8100561156 /* Register Screen */,
				4B99E07A2A2AEACD00561156 /* Add Team Screen */,
				4B99E05C2A2A6EBE00561156 /* Main Screen  */,
				4B91D94D2A298B5200070ED2 /* AppDelegate.swift */,
				4B91D94F2A298B5200070ED2 /* SceneDelegate.swift */,
				4B91D9532A298B5200070ED2 /* Main.storyboard */,
				4B91D9562A298B5400070ED2 /* Assets.xcassets */,
				4B91D9582A298B5400070ED2 /* LaunchScreen.storyboard */,
				4B91D95B2A298B5400070ED2 /* Info.plist */,
				FAE92F4C2A3EC00600BD0F04 /* GoogleService-Info.plist */,
			);
			path = pokePicker;
			sourceTree = "<group>";
		};
		4B99E05C2A2A6EBE00561156 /* Main Screen  */ = {
			isa = PBXGroup;
			children = (
				4B99E05D2A2A6EC700561156 /* Views */,
				4B91D9512A298B5200070ED2 /* ViewController.swift */,
				4B99E0672A2A795600561156 /* TeamsTableViewManager.swift */,
				4B99E0692A2A89FA00561156 /* RightBarButtonManager.swift */,
			);
			path = "Main Screen ";
			sourceTree = "<group>";
		};
		4B99E05D2A2A6EC700561156 /* Views */ = {
			isa = PBXGroup;
			children = (
				4B99E05E2A2A6EE700561156 /* MainScreenView.swift */,
				4B99E0602A2A723300561156 /* TeamsTableViewCell.swift */,
			);
			path = Views;
			sourceTree = "<group>";
		};
		4B99E0642A2A779600561156 /* Data Models */ = {
			isa = PBXGroup;
			children = (
				4B99E0652A2A77AA00561156 /* Team.swift */,
				FAE92F532A3EC46700BD0F04 /* User.swift */,
				FAE92F582A3EC7DF00BD0F04 /* Pokemon.swift */,
			);
			path = "Data Models";
			sourceTree = "<group>";
		};
		4B99E06B2A2A9C8100561156 /* Register Screen */ = {
			isa = PBXGroup;
			children = (
				4B99E06C2A2A9C9500561156 /* Views */,
				4B99E06F2A2A9E5800561156 /* RegisterViewController.swift */,
				4B99E0712A2AAE1400561156 /* RegisterFirebaseManager.swift */,
				4B99E0782A2AD3C400561156 /* RegisterProgressIndicatorManager.swift */,
			);
			path = "Register Screen";
			sourceTree = "<group>";
		};
		4B99E06C2A2A9C9500561156 /* Views */ = {
			isa = PBXGroup;
			children = (
				4B99E06D2A2A9CA700561156 /* RegisterView.swift */,
			);
			path = Views;
			sourceTree = "<group>";
		};
		4B99E0732A2ACD6900561156 /* Progress Indicator */ = {
			isa = PBXGroup;
			children = (
				4B99E0742A2ACD7B00561156 /* ProgressSpinnerViewController.swift */,
				4B99E0762A2ACD8A00561156 /* ProgressSpinnerDelegate.swift */,
			);
			path = "Progress Indicator";
			sourceTree = "<group>";
		};
		4B99E07A2A2AEACD00561156 /* Add Team Screen */ = {
			isa = PBXGroup;
			children = (
				4B99E07B2A2AEAD700561156 /* Views */,
				4B99E07E2A2AEB0A00561156 /* AddTeamViewController.swift */,
			);
			path = "Add Team Screen";
			sourceTree = "<group>";
		};
		4B99E07B2A2AEAD700561156 /* Views */ = {
			isa = PBXGroup;
			children = (
				4B99E07C2A2AEAF100561156 /* AddTeamView.swift */,
			);
			path = Views;
			sourceTree = "<group>";
		};
		FAE92F4E2A3EC39500BD0F04 /* Team */ = {
			isa = PBXGroup;
			children = (
				FAE92F612A3EC94700BD0F04 /* Views */,
				FAE92F512A3EC42800BD0F04 /* TeamViewController.swift */,
				FAE92F562A3EC73600BD0F04 /* PokemonTableViewManager.swift */,
				FAE92F5F2A3EC88400BD0F04 /* RightBarButtonAddPokemonManager.swift */,
			);
			path = Team;
			sourceTree = "<group>";
		};
		FAE92F552A3EC4C200BD0F04 /* Pokemon */ = {
			isa = PBXGroup;
			children = (
				FAE92F5E2A3EC81B00BD0F04 /* Views */,
				FAE92F5C2A3EC81500BD0F04 /* AddPokemonViewController.swift */,
			);
			path = Pokemon;
			sourceTree = "<group>";
		};
		FAE92F5E2A3EC81B00BD0F04 /* Views */ = {
			isa = PBXGroup;
			children = (
				FAE92F5A2A3EC80000BD0F04 /* AddPokemonView.swift */,
			);
			path = Views;
			sourceTree = "<group>";
		};
		FAE92F612A3EC94700BD0F04 /* Views */ = {
			isa = PBXGroup;
			children = (
				FAE92F4F2A3EC3A900BD0F04 /* TeamView.swift */,
			);
			path = Views;
			sourceTree = "<group>";
		};
/* End PBXGroup section */

/* Begin PBXNativeTarget section */
		4B91D9492A298B5200070ED2 /* pokePicker */ = {
			isa = PBXNativeTarget;
			buildConfigurationList = 4B91D95E2A298B5400070ED2 /* Build configuration list for PBXNativeTarget "pokePicker" */;
			buildPhases = (
				4B91D9462A298B5200070ED2 /* Sources */,
				4B91D9472A298B5200070ED2 /* Frameworks */,
				4B91D9482A298B5200070ED2 /* Resources */,
			);
			buildRules = (
			);
			dependencies = (
			);
			name = pokePicker;
			packageProductDependencies = (
				4B91D9642A298D0100070ED2 /* FirebaseAuth */,
				4B91D9662A298D0100070ED2 /* FirebaseFirestore */,
				4B91D9682A298D0100070ED2 /* FirebaseFirestoreSwift */,
				4B91D96A2A298D0100070ED2 /* FirebaseStorage */,
			);
			productName = App12;
			productReference = 4B91D94A2A298B5200070ED2 /* pokePicker.app */;
			productType = "com.apple.product-type.application";
		};
/* End PBXNativeTarget section */

/* Begin PBXProject section */
		4B91D9422A298B5200070ED2 /* Project object */ = {
			isa = PBXProject;
			attributes = {
				BuildIndependentTargetsInParallel = 1;
				LastSwiftUpdateCheck = 1430;
				LastUpgradeCheck = 1430;
				TargetAttributes = {
					4B91D9492A298B5200070ED2 = {
						CreatedOnToolsVersion = 14.3;
					};
				};
			};
			buildConfigurationList = 4B91D9452A298B5200070ED2 /* Build configuration list for PBXProject "pokePicker" */;
			compatibilityVersion = "Xcode 14.0";
			developmentRegion = en;
			hasScannedForEncodings = 0;
			knownRegions = (
				en,
				Base,
			);
			mainGroup = 4B91D9412A298B5200070ED2;
			packageReferences = (
				4B91D9632A298D0100070ED2 /* XCRemoteSwiftPackageReference "firebase-ios-sdk" */,
			);
			productRefGroup = 4B91D94B2A298B5200070ED2 /* Products */;
			projectDirPath = "";
			projectRoot = "";
			targets = (
				4B91D9492A298B5200070ED2 /* pokePicker */,
			);
		};
/* End PBXProject section */

/* Begin PBXResourcesBuildPhase section */
		4B91D9482A298B5200070ED2 /* Resources */ = {
			isa = PBXResourcesBuildPhase;
			buildActionMask = 2147483647;
			files = (
				4B91D95A2A298B5400070ED2 /* LaunchScreen.storyboard in Resources */,
				FAE92F4D2A3EC00600BD0F04 /* GoogleService-Info.plist in Resources */,
				4B91D9572A298B5400070ED2 /* Assets.xcassets in Resources */,
				4B91D9552A298B5200070ED2 /* Main.storyboard in Resources */,
			);
			runOnlyForDeploymentPostprocessing = 0;
		};
/* End PBXResourcesBuildPhase section */

/* Begin PBXSourcesBuildPhase section */
		4B91D9462A298B5200070ED2 /* Sources */ = {
			isa = PBXSourcesBuildPhase;
			buildActionMask = 2147483647;
			files = (
				4B91D9522A298B5200070ED2 /* ViewController.swift in Sources */,
				4B99E0722A2AAE1400561156 /* RegisterFirebaseManager.swift in Sources */,
				4B99E0702A2A9E5800561156 /* RegisterViewController.swift in Sources */,
				FAE92F522A3EC42800BD0F04 /* TeamViewController.swift in Sources */,
				4B99E06E2A2A9CA700561156 /* RegisterView.swift in Sources */,
				4B91D94E2A298B5200070ED2 /* AppDelegate.swift in Sources */,
				4B99E0612A2A723300561156 /* TeamsTableViewCell.swift in Sources */,
				4B99E0752A2ACD7B00561156 /* ProgressSpinnerViewController.swift in Sources */,
				FAE92F5B2A3EC80000BD0F04 /* AddPokemonView.swift in Sources */,
				FAE92F542A3EC46700BD0F04 /* User.swift in Sources */,
				FAE92F5D2A3EC81500BD0F04 /* AddPokemonViewController.swift in Sources */,
				4B99E06A2A2A89FA00561156 /* RightBarButtonManager.swift in Sources */,
				4B99E07F2A2AEB0A00561156 /* AddTeamViewController.swift in Sources */,
				FAE92F502A3EC3AA00BD0F04 /* TeamView.swift in Sources */,
				4B91D9502A298B5200070ED2 /* SceneDelegate.swift in Sources */,
				4B99E05F2A2A6EE700561156 /* MainScreenView.swift in Sources */,
				4B99E0792A2AD3C400561156 /* RegisterProgressIndicatorManager.swift in Sources */,
				4B99E0632A2A735600561156 /* Configs.swift in Sources */,
				4B99E0682A2A795600561156 /* TeamsTableViewManager.swift in Sources */,
				FAE92F602A3EC88400BD0F04 /* RightBarButtonAddPokemonManager.swift in Sources */,
				FAE92F592A3EC7DF00BD0F04 /* Pokemon.swift in Sources */,
				4B99E0662A2A77AA00561156 /* Team.swift in Sources */,
				4B99E0772A2ACD8A00561156 /* ProgressSpinnerDelegate.swift in Sources */,
				FAE92F572A3EC73600BD0F04 /* PokemonTableViewManager.swift in Sources */,
				4B99E07D2A2AEAF100561156 /* AddTeamView.swift in Sources */,
			);
			runOnlyForDeploymentPostprocessing = 0;
		};
/* End PBXSourcesBuildPhase section */

/* Begin PBXVariantGroup section */
		4B91D9532A298B5200070ED2 /* Main.storyboard */ = {
			isa = PBXVariantGroup;
			children = (
				4B91D9542A298B5200070ED2 /* Base */,
			);
			name = Main.storyboard;
			sourceTree = "<group>";
		};
		4B91D9582A298B5400070ED2 /* LaunchScreen.storyboard */ = {
			isa = PBXVariantGroup;
			children = (
				4B91D9592A298B5400070ED2 /* Base */,
			);
			name = LaunchScreen.storyboard;
			sourceTree = "<group>";
		};
/* End PBXVariantGroup section */

/* Begin XCBuildConfiguration section */
		4B91D95C2A298B5400070ED2 /* Debug */ = {
			isa = XCBuildConfiguration;
			buildSettings = {
				ALWAYS_SEARCH_USER_PATHS = NO;
				CLANG_ANALYZER_NONNULL = YES;
				CLANG_ANALYZER_NUMBER_OBJECT_CONVERSION = YES_AGGRESSIVE;
				CLANG_CXX_LANGUAGE_STANDARD = "gnu++20";
				CLANG_ENABLE_MODULES = YES;
				CLANG_ENABLE_OBJC_ARC = YES;
				CLANG_ENABLE_OBJC_WEAK = YES;
				CLANG_WARN_BLOCK_CAPTURE_AUTORELEASING = YES;
				CLANG_WARN_BOOL_CONVERSION = YES;
				CLANG_WARN_COMMA = YES;
				CLANG_WARN_CONSTANT_CONVERSION = YES;
				CLANG_WARN_DEPRECATED_OBJC_IMPLEMENTATIONS = YES;
				CLANG_WARN_DIRECT_OBJC_ISA_USAGE = YES_ERROR;
				CLANG_WARN_DOCUMENTATION_COMMENTS = YES;
				CLANG_WARN_EMPTY_BODY = YES;
				CLANG_WARN_ENUM_CONVERSION = YES;
				CLANG_WARN_INFINITE_RECURSION = YES;
				CLANG_WARN_INT_CONVERSION = YES;
				CLANG_WARN_NON_LITERAL_NULL_CONVERSION = YES;
				CLANG_WARN_OBJC_IMPLICIT_RETAIN_SELF = YES;
				CLANG_WARN_OBJC_LITERAL_CONVERSION = YES;
				CLANG_WARN_OBJC_ROOT_CLASS = YES_ERROR;
				CLANG_WARN_QUOTED_INCLUDE_IN_FRAMEWORK_HEADER = YES;
				CLANG_WARN_RANGE_LOOP_ANALYSIS = YES;
				CLANG_WARN_STRICT_PROTOTYPES = YES;
				CLANG_WARN_SUSPICIOUS_MOVE = YES;
				CLANG_WARN_UNGUARDED_AVAILABILITY = YES_AGGRESSIVE;
				CLANG_WARN_UNREACHABLE_CODE = YES;
				CLANG_WARN__DUPLICATE_METHOD_MATCH = YES;
				COPY_PHASE_STRIP = NO;
				DEBUG_INFORMATION_FORMAT = dwarf;
				ENABLE_STRICT_OBJC_MSGSEND = YES;
				ENABLE_TESTABILITY = YES;
				GCC_C_LANGUAGE_STANDARD = gnu11;
				GCC_DYNAMIC_NO_PIC = NO;
				GCC_NO_COMMON_BLOCKS = YES;
				GCC_OPTIMIZATION_LEVEL = 0;
				GCC_PREPROCESSOR_DEFINITIONS = (
					"DEBUG=1",
					"$(inherited)",
				);
				GCC_WARN_64_TO_32_BIT_CONVERSION = YES;
				GCC_WARN_ABOUT_RETURN_TYPE = YES_ERROR;
				GCC_WARN_UNDECLARED_SELECTOR = YES;
				GCC_WARN_UNINITIALIZED_AUTOS = YES_AGGRESSIVE;
				GCC_WARN_UNUSED_FUNCTION = YES;
				GCC_WARN_UNUSED_VARIABLE = YES;
				IPHONEOS_DEPLOYMENT_TARGET = 16.4;
				MTL_ENABLE_DEBUG_INFO = INCLUDE_SOURCE;
				MTL_FAST_MATH = YES;
				ONLY_ACTIVE_ARCH = YES;
				SDKROOT = iphoneos;
				SWIFT_ACTIVE_COMPILATION_CONDITIONS = DEBUG;
				SWIFT_OPTIMIZATION_LEVEL = "-Onone";
			};
			name = Debug;
		};
		4B91D95D2A298B5400070ED2 /* Release */ = {
			isa = XCBuildConfiguration;
			buildSettings = {
				ALWAYS_SEARCH_USER_PATHS = NO;
				CLANG_ANALYZER_NONNULL = YES;
				CLANG_ANALYZER_NUMBER_OBJECT_CONVERSION = YES_AGGRESSIVE;
				CLANG_CXX_LANGUAGE_STANDARD = "gnu++20";
				CLANG_ENABLE_MODULES = YES;
				CLANG_ENABLE_OBJC_ARC = YES;
				CLANG_ENABLE_OBJC_WEAK = YES;
				CLANG_WARN_BLOCK_CAPTURE_AUTORELEASING = YES;
				CLANG_WARN_BOOL_CONVERSION = YES;
				CLANG_WARN_COMMA = YES;
				CLANG_WARN_CONSTANT_CONVERSION = YES;
				CLANG_WARN_DEPRECATED_OBJC_IMPLEMENTATIONS = YES;
				CLANG_WARN_DIRECT_OBJC_ISA_USAGE = YES_ERROR;
				CLANG_WARN_DOCUMENTATION_COMMENTS = YES;
				CLANG_WARN_EMPTY_BODY = YES;
				CLANG_WARN_ENUM_CONVERSION = YES;
				CLANG_WARN_INFINITE_RECURSION = YES;
				CLANG_WARN_INT_CONVERSION = YES;
				CLANG_WARN_NON_LITERAL_NULL_CONVERSION = YES;
				CLANG_WARN_OBJC_IMPLICIT_RETAIN_SELF = YES;
				CLANG_WARN_OBJC_LITERAL_CONVERSION = YES;
				CLANG_WARN_OBJC_ROOT_CLASS = YES_ERROR;
				CLANG_WARN_QUOTED_INCLUDE_IN_FRAMEWORK_HEADER = YES;
				CLANG_WARN_RANGE_LOOP_ANALYSIS = YES;
				CLANG_WARN_STRICT_PROTOTYPES = YES;
				CLANG_WARN_SUSPICIOUS_MOVE = YES;
				CLANG_WARN_UNGUARDED_AVAILABILITY = YES_AGGRESSIVE;
				CLANG_WARN_UNREACHABLE_CODE = YES;
				CLANG_WARN__DUPLICATE_METHOD_MATCH = YES;
				COPY_PHASE_STRIP = NO;
				DEBUG_INFORMATION_FORMAT = "dwarf-with-dsym";
				ENABLE_NS_ASSERTIONS = NO;
				ENABLE_STRICT_OBJC_MSGSEND = YES;
				GCC_C_LANGUAGE_STANDARD = gnu11;
				GCC_NO_COMMON_BLOCKS = YES;
				GCC_WARN_64_TO_32_BIT_CONVERSION = YES;
				GCC_WARN_ABOUT_RETURN_TYPE = YES_ERROR;
				GCC_WARN_UNDECLARED_SELECTOR = YES;
				GCC_WARN_UNINITIALIZED_AUTOS = YES_AGGRESSIVE;
				GCC_WARN_UNUSED_FUNCTION = YES;
				GCC_WARN_UNUSED_VARIABLE = YES;
				IPHONEOS_DEPLOYMENT_TARGET = 16.4;
				MTL_ENABLE_DEBUG_INFO = NO;
				MTL_FAST_MATH = YES;
				SDKROOT = iphoneos;
				SWIFT_COMPILATION_MODE = wholemodule;
				SWIFT_OPTIMIZATION_LEVEL = "-O";
				VALIDATE_PRODUCT = YES;
			};
			name = Release;
		};
		4B91D95F2A298B5400070ED2 /* Debug */ = {
			isa = XCBuildConfiguration;
			buildSettings = {
				ASSETCATALOG_COMPILER_APPICON_NAME = AppIcon;
				ASSETCATALOG_COMPILER_GLOBAL_ACCENT_COLOR_NAME = AccentColor;
				CODE_SIGN_STYLE = Automatic;
				CURRENT_PROJECT_VERSION = 1;
				DEVELOPMENT_TEAM = 6KY65WY559;
				GENERATE_INFOPLIST_FILE = YES;
				INFOPLIST_FILE = pokePicker/Info.plist;
				INFOPLIST_KEY_UIApplicationSupportsIndirectInputEvents = YES;
				INFOPLIST_KEY_UILaunchStoryboardName = LaunchScreen;
				INFOPLIST_KEY_UIMainStoryboardFile = Main;
				INFOPLIST_KEY_UISupportedInterfaceOrientations_iPad = "UIInterfaceOrientationPortrait UIInterfaceOrientationPortraitUpsideDown UIInterfaceOrientationLandscapeLeft UIInterfaceOrientationLandscapeRight";
				INFOPLIST_KEY_UISupportedInterfaceOrientations_iPhone = "UIInterfaceOrientationPortrait UIInterfaceOrientationLandscapeLeft UIInterfaceOrientationLandscapeRight";
				LD_RUNPATH_SEARCH_PATHS = (
					"$(inherited)",
					"@executable_path/Frameworks",
				);
				MARKETING_VERSION = 1.0;
				PRODUCT_BUNDLE_IDENTIFIER = vzhan.nuios;
				PRODUCT_NAME = "$(TARGET_NAME)";
				SWIFT_EMIT_LOC_STRINGS = YES;
				SWIFT_VERSION = 5.0;
				TARGETED_DEVICE_FAMILY = "1,2";
			};
			name = Debug;
		};
		4B91D9602A298B5400070ED2 /* Release */ = {
			isa = XCBuildConfiguration;
			buildSettings = {
				ASSETCATALOG_COMPILER_APPICON_NAME = AppIcon;
				ASSETCATALOG_COMPILER_GLOBAL_ACCENT_COLOR_NAME = AccentColor;
				CODE_SIGN_STYLE = Automatic;
				CURRENT_PROJECT_VERSION = 1;
				DEVELOPMENT_TEAM = 6KY65WY559;
				GENERATE_INFOPLIST_FILE = YES;
				INFOPLIST_FILE = pokePicker/Info.plist;
				INFOPLIST_KEY_UIApplicationSupportsIndirectInputEvents = YES;
				INFOPLIST_KEY_UILaunchStoryboardName = LaunchScreen;
				INFOPLIST_KEY_UIMainStoryboardFile = Main;
				INFOPLIST_KEY_UISupportedInterfaceOrientations_iPad = "UIInterfaceOrientationPortrait UIInterfaceOrientationPortraitUpsideDown UIInterfaceOrientationLandscapeLeft UIInterfaceOrientationLandscapeRight";
				INFOPLIST_KEY_UISupportedInterfaceOrientations_iPhone = "UIInterfaceOrientationPortrait UIInterfaceOrientationLandscapeLeft UIInterfaceOrientationLandscapeRight";
				LD_RUNPATH_SEARCH_PATHS = (
					"$(inherited)",
					"@executable_path/Frameworks",
				);
				MARKETING_VERSION = 1.0;
				PRODUCT_BUNDLE_IDENTIFIER = vzhan.nuios;
				PRODUCT_NAME = "$(TARGET_NAME)";
				SWIFT_EMIT_LOC_STRINGS = YES;
				SWIFT_VERSION = 5.0;
				TARGETED_DEVICE_FAMILY = "1,2";
			};
			name = Release;
		};
/* End XCBuildConfiguration section */

/* Begin XCConfigurationList section */
		4B91D9452A298B5200070ED2 /* Build configuration list for PBXProject "pokePicker" */ = {
			isa = XCConfigurationList;
			buildConfigurations = (
				4B91D95C2A298B5400070ED2 /* Debug */,
				4B91D95D2A298B5400070ED2 /* Release */,
			);
			defaultConfigurationIsVisible = 0;
			defaultConfigurationName = Release;
		};
		4B91D95E2A298B5400070ED2 /* Build configuration list for PBXNativeTarget "pokePicker" */ = {
			isa = XCConfigurationList;
			buildConfigurations = (
				4B91D95F2A298B5400070ED2 /* Debug */,
				4B91D9602A298B5400070ED2 /* Release */,
			);
			defaultConfigurationIsVisible = 0;
			defaultConfigurationName = Release;
		};
/* End XCConfigurationList section */

/* Begin XCRemoteSwiftPackageReference section */
		4B91D9632A298D0100070ED2 /* XCRemoteSwiftPackageReference "firebase-ios-sdk" */ = {
			isa = XCRemoteSwiftPackageReference;
			repositoryURL = "https://github.com/firebase/firebase-ios-sdk";
			requirement = {
				kind = upToNextMajorVersion;
				minimumVersion = 10.0.0;
			};
		};
/* End XCRemoteSwiftPackageReference section */

/* Begin XCSwiftPackageProductDependency section */
		4B91D9642A298D0100070ED2 /* FirebaseAuth */ = {
			isa = XCSwiftPackageProductDependency;
			package = 4B91D9632A298D0100070ED2 /* XCRemoteSwiftPackageReference "firebase-ios-sdk" */;
			productName = FirebaseAuth;
		};
		4B91D9662A298D0100070ED2 /* FirebaseFirestore */ = {
			isa = XCSwiftPackageProductDependency;
			package = 4B91D9632A298D0100070ED2 /* XCRemoteSwiftPackageReference "firebase-ios-sdk" */;
			productName = FirebaseFirestore;
		};
		4B91D9682A298D0100070ED2 /* FirebaseFirestoreSwift */ = {
			isa = XCSwiftPackageProductDependency;
			package = 4B91D9632A298D0100070ED2 /* XCRemoteSwiftPackageReference "firebase-ios-sdk" */;
			productName = FirebaseFirestoreSwift;
		};
		4B91D96A2A298D0100070ED2 /* FirebaseStorage */ = {
			isa = XCSwiftPackageProductDependency;
			package = 4B91D9632A298D0100070ED2 /* XCRemoteSwiftPackageReference "firebase-ios-sdk" */;
			productName = FirebaseStorage;
		};
/* End XCSwiftPackageProductDependency section */
	};
	rootObject = 4B91D9422A298B5200070ED2 /* Project object */;
}
